// !$*UTF8*$!
{
	archiveVersion = 1;
	classes = {
	};
	objectVersion = 51;
	objects = {

/* Begin PBXBuildFile section */
		85B70B6F24FE3F7B003CBDB5 /* AppDelegate.swift in Sources */ = {isa = PBXBuildFile; fileRef = 85B70B6E24FE3F7B003CBDB5 /* AppDelegate.swift */; };
		85B70B7124FE3F7B003CBDB5 /* SceneDelegate.swift in Sources */ = {isa = PBXBuildFile; fileRef = 85B70B7024FE3F7B003CBDB5 /* SceneDelegate.swift */; };
		85B70B7324FE3F7B003CBDB5 /* ImagesVC.swift in Sources */ = {isa = PBXBuildFile; fileRef = 85B70B7224FE3F7B003CBDB5 /* ImagesVC.swift */; };
		85B70B7824FE3F7D003CBDB5 /* Assets.xcassets in Resources */ = {isa = PBXBuildFile; fileRef = 85B70B7724FE3F7D003CBDB5 /* Assets.xcassets */; };
		85B70B7B24FE3F7D003CBDB5 /* LaunchScreen.storyboard in Resources */ = {isa = PBXBuildFile; fileRef = 85B70B7924FE3F7D003CBDB5 /* LaunchScreen.storyboard */; };
		85CFA10F24FF6F9D00DA7328 /* FlickrAPI.swift in Sources */ = {isa = PBXBuildFile; fileRef = 85CFA10E24FF6F9D00DA7328 /* FlickrAPI.swift */; };
		85CFA11224FF70B300DA7328 /* Photo.swift in Sources */ = {isa = PBXBuildFile; fileRef = 85CFA11124FF70B300DA7328 /* Photo.swift */; };
		85CFA11524FF712600DA7328 /* RealmSwift.framework in Frameworks */ = {isa = PBXBuildFile; fileRef = 85CFA11324FF712600DA7328 /* RealmSwift.framework */; };
		85CFA11724FF712600DA7328 /* Realm.framework in Frameworks */ = {isa = PBXBuildFile; fileRef = 85CFA11424FF712600DA7328 /* Realm.framework */; };
		85D274C624FE4F8F009AC417 /* ImageTVC.swift in Sources */ = {isa = PBXBuildFile; fileRef = 85D274C424FE4F8F009AC417 /* ImageTVC.swift */; };
		85D274C724FE4F8F009AC417 /* ImageTVC.xib in Resources */ = {isa = PBXBuildFile; fileRef = 85D274C524FE4F8F009AC417 /* ImageTVC.xib */; };
		F1AAF820D1F4FA6624C17D92 /* Pods_ImagesAPI.framework in Frameworks */ = {isa = PBXBuildFile; fileRef = 78C036EF56A4967CFDCCC572 /* Pods_ImagesAPI.framework */; };
/* End PBXBuildFile section */

/* Begin PBXFileReference section */
		560C819DE622C53FD0834D7F /* Pods-ImagesAPI.release.xcconfig */ = {isa = PBXFileReference; includeInIndex = 1; lastKnownFileType = text.xcconfig; name = "Pods-ImagesAPI.release.xcconfig"; path = "Target Support Files/Pods-ImagesAPI/Pods-ImagesAPI.release.xcconfig"; sourceTree = "<group>"; };
		78C036EF56A4967CFDCCC572 /* Pods_ImagesAPI.framework */ = {isa = PBXFileReference; explicitFileType = wrapper.framework; includeInIndex = 0; path = Pods_ImagesAPI.framework; sourceTree = BUILT_PRODUCTS_DIR; };
		85B70B6B24FE3F7B003CBDB5 /* ImagesAPI.app */ = {isa = PBXFileReference; explicitFileType = wrapper.application; includeInIndex = 0; path = ImagesAPI.app; sourceTree = BUILT_PRODUCTS_DIR; };
		85B70B6E24FE3F7B003CBDB5 /* AppDelegate.swift */ = {isa = PBXFileReference; lastKnownFileType = sourcecode.swift; path = AppDelegate.swift; sourceTree = "<group>"; };
		85B70B7024FE3F7B003CBDB5 /* SceneDelegate.swift */ = {isa = PBXFileReference; lastKnownFileType = sourcecode.swift; path = SceneDelegate.swift; sourceTree = "<group>"; };
		85B70B7224FE3F7B003CBDB5 /* ImagesVC.swift */ = {isa = PBXFileReference; lastKnownFileType = sourcecode.swift; path = ImagesVC.swift; sourceTree = "<group>"; };
		85B70B7724FE3F7D003CBDB5 /* Assets.xcassets */ = {isa = PBXFileReference; lastKnownFileType = folder.assetcatalog; path = Assets.xcassets; sourceTree = "<group>"; };
		85B70B7A24FE3F7D003CBDB5 /* Base */ = {isa = PBXFileReference; lastKnownFileType = file.storyboard; name = Base; path = Base.lproj/LaunchScreen.storyboard; sourceTree = "<group>"; };
		85B70B7C24FE3F7D003CBDB5 /* Info.plist */ = {isa = PBXFileReference; lastKnownFileType = text.plist.xml; path = Info.plist; sourceTree = "<group>"; };
		85CFA10E24FF6F9D00DA7328 /* FlickrAPI.swift */ = {isa = PBXFileReference; lastKnownFileType = sourcecode.swift; path = FlickrAPI.swift; sourceTree = "<group>"; };
		85CFA11124FF70B300DA7328 /* Photo.swift */ = {isa = PBXFileReference; lastKnownFileType = sourcecode.swift; path = Photo.swift; sourceTree = "<group>"; };
		85CFA11324FF712600DA7328 /* RealmSwift.framework */ = {isa = PBXFileReference; lastKnownFileType = wrapper.framework; name = RealmSwift.framework; path = Carthage/Build/iOS/RealmSwift.framework; sourceTree = "<group>"; };
		85CFA11424FF712600DA7328 /* Realm.framework */ = {isa = PBXFileReference; lastKnownFileType = wrapper.framework; name = Realm.framework; path = Carthage/Build/iOS/Realm.framework; sourceTree = "<group>"; };
		85D274C424FE4F8F009AC417 /* ImageTVC.swift */ = {isa = PBXFileReference; lastKnownFileType = sourcecode.swift; path = ImageTVC.swift; sourceTree = "<group>"; };
		85D274C524FE4F8F009AC417 /* ImageTVC.xib */ = {isa = PBXFileReference; lastKnownFileType = file.xib; path = ImageTVC.xib; sourceTree = "<group>"; };
		A68B185F4523FC9C1F09BF99 /* Pods-ImagesAPI.debug.xcconfig */ = {isa = PBXFileReference; includeInIndex = 1; lastKnownFileType = text.xcconfig; name = "Pods-ImagesAPI.debug.xcconfig"; path = "Target Support Files/Pods-ImagesAPI/Pods-ImagesAPI.debug.xcconfig"; sourceTree = "<group>"; };
/* End PBXFileReference section */

/* Begin PBXFrameworksBuildPhase section */
		85B70B6824FE3F7A003CBDB5 /* Frameworks */ = {
			isa = PBXFrameworksBuildPhase;
			buildActionMask = 2147483647;
			files = (
				85CFA11724FF712600DA7328 /* Realm.framework in Frameworks */,
				85CFA11524FF712600DA7328 /* RealmSwift.framework in Frameworks */,
				F1AAF820D1F4FA6624C17D92 /* Pods_ImagesAPI.framework in Frameworks */,
			);
			runOnlyForDeploymentPostprocessing = 0;
		};
/* End PBXFrameworksBuildPhase section */

/* Begin PBXGroup section */
		48C115A8884B654A1C26C6E3 /* Pods */ = {
			isa = PBXGroup;
			children = (
				A68B185F4523FC9C1F09BF99 /* Pods-ImagesAPI.debug.xcconfig */,
				560C819DE622C53FD0834D7F /* Pods-ImagesAPI.release.xcconfig */,
			);
			path = Pods;
			sourceTree = "<group>";
		};
		85B70B6224FE3F7A003CBDB5 = {
			isa = PBXGroup;
			children = (
				85B70B6D24FE3F7B003CBDB5 /* ImagesAPI */,
				85B70B6C24FE3F7B003CBDB5 /* Products */,
				48C115A8884B654A1C26C6E3 /* Pods */,
				B7058F213B93E49C1AE32299 /* Frameworks */,
			);
			sourceTree = "<group>";
		};
		85B70B6C24FE3F7B003CBDB5 /* Products */ = {
			isa = PBXGroup;
			children = (
				85B70B6B24FE3F7B003CBDB5 /* ImagesAPI.app */,
			);
			name = Products;
			sourceTree = "<group>";
		};
		85B70B6D24FE3F7B003CBDB5 /* ImagesAPI */ = {
			isa = PBXGroup;
			children = (
				85CFA11024FF70A500DA7328 /* Entities */,
				85CFA10D24FF6F7600DA7328 /* FlickrAPI */,
				85D274C324FE4EAC009AC417 /* Resources */,
				85D274C024FE4E8A009AC417 /* Modules */,
				85B70B6E24FE3F7B003CBDB5 /* AppDelegate.swift */,
				85B70B7024FE3F7B003CBDB5 /* SceneDelegate.swift */,
			);
			path = ImagesAPI;
			sourceTree = "<group>";
		};
		85CFA10D24FF6F7600DA7328 /* FlickrAPI */ = {
			isa = PBXGroup;
			children = (
				85CFA10E24FF6F9D00DA7328 /* FlickrAPI.swift */,
			);
			path = FlickrAPI;
			sourceTree = "<group>";
		};
		85CFA11024FF70A500DA7328 /* Entities */ = {
			isa = PBXGroup;
			children = (
				85CFA11124FF70B300DA7328 /* Photo.swift */,
			);
			path = Entities;
			sourceTree = "<group>";
		};
		85D274C024FE4E8A009AC417 /* Modules */ = {
			isa = PBXGroup;
			children = (
				85D274C124FE4E96009AC417 /* Images */,
			);
			path = Modules;
			sourceTree = "<group>";
		};
		85D274C124FE4E96009AC417 /* Images */ = {
			isa = PBXGroup;
			children = (
				85D274C224FE4E9E009AC417 /* Cells */,
				85B70B7224FE3F7B003CBDB5 /* ImagesVC.swift */,
			);
			path = Images;
			sourceTree = "<group>";
		};
		85D274C224FE4E9E009AC417 /* Cells */ = {
			isa = PBXGroup;
			children = (
				85D274C424FE4F8F009AC417 /* ImageTVC.swift */,
				85D274C524FE4F8F009AC417 /* ImageTVC.xib */,
			);
			path = Cells;
			sourceTree = "<group>";
		};
		85D274C324FE4EAC009AC417 /* Resources */ = {
			isa = PBXGroup;
			children = (
				85B70B7724FE3F7D003CBDB5 /* Assets.xcassets */,
				85B70B7924FE3F7D003CBDB5 /* LaunchScreen.storyboard */,
				85B70B7C24FE3F7D003CBDB5 /* Info.plist */,
			);
			path = Resources;
			sourceTree = "<group>";
		};
		B7058F213B93E49C1AE32299 /* Frameworks */ = {
			isa = PBXGroup;
			children = (
				85CFA11424FF712600DA7328 /* Realm.framework */,
				85CFA11324FF712600DA7328 /* RealmSwift.framework */,
				78C036EF56A4967CFDCCC572 /* Pods_ImagesAPI.framework */,
			);
			name = Frameworks;
			sourceTree = "<group>";
		};
/* End PBXGroup section */

/* Begin PBXNativeTarget section */
		85B70B6A24FE3F7A003CBDB5 /* ImagesAPI */ = {
			isa = PBXNativeTarget;
			buildConfigurationList = 85B70B7F24FE3F7D003CBDB5 /* Build configuration list for PBXNativeTarget "ImagesAPI" */;
			buildPhases = (
				6040A29E0DA59FA98D9B721B /* [CP] Check Pods Manifest.lock */,
				85B70B6724FE3F7A003CBDB5 /* Sources */,
				85B70B6824FE3F7A003CBDB5 /* Frameworks */,
				85B70B6924FE3F7A003CBDB5 /* Resources */,
				4AA0B8B5C8D7AF4E6B20A262 /* [CP] Embed Pods Frameworks */,
			);
			buildRules = (
			);
			dependencies = (
			);
			name = ImagesAPI;
			productName = ImagesAPI;
			productReference = 85B70B6B24FE3F7B003CBDB5 /* ImagesAPI.app */;
			productType = "com.apple.product-type.application";
		};
/* End PBXNativeTarget section */

/* Begin PBXProject section */
		85B70B6324FE3F7A003CBDB5 /* Project object */ = {
			isa = PBXProject;
			attributes = {
				LastSwiftUpdateCheck = 1160;
				LastUpgradeCheck = 1160;
				ORGANIZATIONNAME = Fedya;
				TargetAttributes = {
					85B70B6A24FE3F7A003CBDB5 = {
						CreatedOnToolsVersion = 11.6;
					};
				};
			};
			buildConfigurationList = 85B70B6624FE3F7A003CBDB5 /* Build configuration list for PBXProject "ImagesAPI" */;
			compatibilityVersion = "Xcode 9.3";
			developmentRegion = en;
			hasScannedForEncodings = 0;
			knownRegions = (
				en,
				Base,
			);
			mainGroup = 85B70B6224FE3F7A003CBDB5;
			productRefGroup = 85B70B6C24FE3F7B003CBDB5 /* Products */;
			projectDirPath = "";
			projectRoot = "";
			targets = (
				85B70B6A24FE3F7A003CBDB5 /* ImagesAPI */,
			);
		};
/* End PBXProject section */

/* Begin PBXResourcesBuildPhase section */
		85B70B6924FE3F7A003CBDB5 /* Resources */ = {
			isa = PBXResourcesBuildPhase;
			buildActionMask = 2147483647;
			files = (
				85D274C724FE4F8F009AC417 /* ImageTVC.xib in Resources */,
				85B70B7B24FE3F7D003CBDB5 /* LaunchScreen.storyboard in Resources */,
				85B70B7824FE3F7D003CBDB5 /* Assets.xcassets in Resources */,
			);
			runOnlyForDeploymentPostprocessing = 0;
		};
/* End PBXResourcesBuildPhase section */

/* Begin PBXShellScriptBuildPhase section */
		4AA0B8B5C8D7AF4E6B20A262 /* [CP] Embed Pods Frameworks */ = {
			isa = PBXShellScriptBuildPhase;
			buildActionMask = 2147483647;
			files = (
			);
			inputFileListPaths = (
				"${PODS_ROOT}/Target Support Files/Pods-ImagesAPI/Pods-ImagesAPI-frameworks-${CONFIGURATION}-input-files.xcfilelist",
			);
			name = "[CP] Embed Pods Frameworks";
			outputFileListPaths = (
				"${PODS_ROOT}/Target Support Files/Pods-ImagesAPI/Pods-ImagesAPI-frameworks-${CONFIGURATION}-output-files.xcfilelist",
			);
			runOnlyForDeploymentPostprocessing = 0;
			shellPath = /bin/sh;
			shellScript = "\"${PODS_ROOT}/Target Support Files/Pods-ImagesAPI/Pods-ImagesAPI-frameworks.sh\"\n";
			showEnvVarsInLog = 0;
		};
		6040A29E0DA59FA98D9B721B /* [CP] Check Pods Manifest.lock */ = {
			isa = PBXShellScriptBuildPhase;
			buildActionMask = 2147483647;
			files = (
			);
			inputFileListPaths = (
			);
			inputPaths = (
				"${PODS_PODFILE_DIR_PATH}/Podfile.lock",
				"${PODS_ROOT}/Manifest.lock",
			);
			name = "[CP] Check Pods Manifest.lock";
			outputFileListPaths = (
			);
			outputPaths = (
				"$(DERIVED_FILE_DIR)/Pods-ImagesAPI-checkManifestLockResult.txt",
			);
			runOnlyForDeploymentPostprocessing = 0;
			shellPath = /bin/sh;
			shellScript = "diff \"${PODS_PODFILE_DIR_PATH}/Podfile.lock\" \"${PODS_ROOT}/Manifest.lock\" > /dev/null\nif [ $? != 0 ] ; then\n    # print error to STDERR\n    echo \"error: The sandbox is not in sync with the Podfile.lock. Run 'pod install' or update your CocoaPods installation.\" >&2\n    exit 1\nfi\n# This output is used by Xcode 'outputs' to avoid re-running this script phase.\necho \"SUCCESS\" > \"${SCRIPT_OUTPUT_FILE_0}\"\n";
			showEnvVarsInLog = 0;
		};
/* End PBXShellScriptBuildPhase section */

/* Begin PBXSourcesBuildPhase section */
		85B70B6724FE3F7A003CBDB5 /* Sources */ = {
			isa = PBXSourcesBuildPhase;
			buildActionMask = 2147483647;
			files = (
				85CFA11224FF70B300DA7328 /* Photo.swift in Sources */,
				85B70B7324FE3F7B003CBDB5 /* ImagesVC.swift in Sources */,
				85D274C624FE4F8F009AC417 /* ImageTVC.swift in Sources */,
				85B70B6F24FE3F7B003CBDB5 /* AppDelegate.swift in Sources */,
				85B70B7124FE3F7B003CBDB5 /* SceneDelegate.swift in Sources */,
				85CFA10F24FF6F9D00DA7328 /* FlickrAPI.swift in Sources */,
			);
			runOnlyForDeploymentPostprocessing = 0;
		};
/* End PBXSourcesBuildPhase section */

/* Begin PBXVariantGroup section */
		85B70B7924FE3F7D003CBDB5 /* LaunchScreen.storyboard */ = {
			isa = PBXVariantGroup;
			children = (
				85B70B7A24FE3F7D003CBDB5 /* Base */,
			);
			name = LaunchScreen.storyboard;
			sourceTree = "<group>";
		};
/* End PBXVariantGroup section */

/* Begin XCBuildConfiguration section */
		85B70B7D24FE3F7D003CBDB5 /* Debug */ = {
			isa = XCBuildConfiguration;
			buildSettings = {
				ALWAYS_SEARCH_USER_PATHS = NO;
				CLANG_ANALYZER_NONNULL = YES;
				CLANG_ANALYZER_NUMBER_OBJECT_CONVERSION = YES_AGGRESSIVE;
				CLANG_CXX_LANGUAGE_STANDARD = "gnu++14";
				CLANG_CXX_LIBRARY = "libc++";
				CLANG_ENABLE_MODULES = YES;
				CLANG_ENABLE_OBJC_ARC = YES;
				CLANG_ENABLE_OBJC_WEAK = YES;
				CLANG_WARN_BLOCK_CAPTURE_AUTORELEASING = YES;
				CLANG_WARN_BOOL_CONVERSION = YES;
				CLANG_WARN_COMMA = YES;
				CLANG_WARN_CONSTANT_CONVERSION = YES;
				CLANG_WARN_DEPRECATED_OBJC_IMPLEMENTATIONS = YES;
				CLANG_WARN_DIRECT_OBJC_ISA_USAGE = YES_ERROR;
				CLANG_WARN_DOCUMENTATION_COMMENTS = YES;
				CLANG_WARN_EMPTY_BODY = YES;
				CLANG_WARN_ENUM_CONVERSION = YES;
				CLANG_WARN_INFINITE_RECURSION = YES;
				CLANG_WARN_INT_CONVERSION = YES;
				CLANG_WARN_NON_LITERAL_NULL_CONVERSION = YES;
				CLANG_WARN_OBJC_IMPLICIT_RETAIN_SELF = YES;
				CLANG_WARN_OBJC_LITERAL_CONVERSION = YES;
				CLANG_WARN_OBJC_ROOT_CLASS = YES_ERROR;
				CLANG_WARN_RANGE_LOOP_ANALYSIS = YES;
				CLANG_WARN_STRICT_PROTOTYPES = YES;
				CLANG_WARN_SUSPICIOUS_MOVE = YES;
				CLANG_WARN_UNGUARDED_AVAILABILITY = YES_AGGRESSIVE;
				CLANG_WARN_UNREACHABLE_CODE = YES;
				CLANG_WARN__DUPLICATE_METHOD_MATCH = YES;
				COPY_PHASE_STRIP = NO;
				DEBUG_INFORMATION_FORMAT = dwarf;
				ENABLE_STRICT_OBJC_MSGSEND = YES;
				ENABLE_TESTABILITY = YES;
				GCC_C_LANGUAGE_STANDARD = gnu11;
				GCC_DYNAMIC_NO_PIC = NO;
				GCC_NO_COMMON_BLOCKS = YES;
				GCC_OPTIMIZATION_LEVEL = 0;
				GCC_PREPROCESSOR_DEFINITIONS = (
					"DEBUG=1",
					"$(inherited)",
				);
				GCC_WARN_64_TO_32_BIT_CONVERSION = YES;
				GCC_WARN_ABOUT_RETURN_TYPE = YES_ERROR;
				GCC_WARN_UNDECLARED_SELECTOR = YES;
				GCC_WARN_UNINITIALIZED_AUTOS = YES_AGGRESSIVE;
				GCC_WARN_UNUSED_FUNCTION = YES;
				GCC_WARN_UNUSED_VARIABLE = YES;
				IPHONEOS_DEPLOYMENT_TARGET = 13.6;
				MTL_ENABLE_DEBUG_INFO = INCLUDE_SOURCE;
				MTL_FAST_MATH = YES;
				ONLY_ACTIVE_ARCH = YES;
				SDKROOT = iphoneos;
				SWIFT_ACTIVE_COMPILATION_CONDITIONS = DEBUG;
				SWIFT_OPTIMIZATION_LEVEL = "-Onone";
			};
			name = Debug;
		};
		85B70B7E24FE3F7D003CBDB5 /* Release */ = {
			isa = XCBuildConfiguration;
			buildSettings = {
				ALWAYS_SEARCH_USER_PATHS = NO;
				CLANG_ANALYZER_NONNULL = YES;
				CLANG_ANALYZER_NUMBER_OBJECT_CONVERSION = YES_AGGRESSIVE;
				CLANG_CXX_LANGUAGE_STANDARD = "gnu++14";
				CLANG_CXX_LIBRARY = "libc++";
				CLANG_ENABLE_MODULES = YES;
				CLANG_ENABLE_OBJC_ARC = YES;
				CLANG_ENABLE_OBJC_WEAK = YES;
				CLANG_WARN_BLOCK_CAPTURE_AUTORELEASING = YES;
				CLANG_WARN_BOOL_CONVERSION = YES;
				CLANG_WARN_COMMA = YES;
				CLANG_WARN_CONSTANT_CONVERSION = YES;
				CLANG_WARN_DEPRECATED_OBJC_IMPLEMENTATIONS = YES;
				CLANG_WARN_DIRECT_OBJC_ISA_USAGE = YES_ERROR;
				CLANG_WARN_DOCUMENTATION_COMMENTS = YES;
				CLANG_WARN_EMPTY_BODY = YES;
				CLANG_WARN_ENUM_CONVERSION = YES;
				CLANG_WARN_INFINITE_RECURSION = YES;
				CLANG_WARN_INT_CONVERSION = YES;
				CLANG_WARN_NON_LITERAL_NULL_CONVERSION = YES;
				CLANG_WARN_OBJC_IMPLICIT_RETAIN_SELF = YES;
				CLANG_WARN_OBJC_LITERAL_CONVERSION = YES;
				CLANG_WARN_OBJC_ROOT_CLASS = YES_ERROR;
				CLANG_WARN_RANGE_LOOP_ANALYSIS = YES;
				CLANG_WARN_STRICT_PROTOTYPES = YES;
				CLANG_WARN_SUSPICIOUS_MOVE = YES;
				CLANG_WARN_UNGUARDED_AVAILABILITY = YES_AGGRESSIVE;
				CLANG_WARN_UNREACHABLE_CODE = YES;
				CLANG_WARN__DUPLICATE_METHOD_MATCH = YES;
				COPY_PHASE_STRIP = NO;
				DEBUG_INFORMATION_FORMAT = "dwarf-with-dsym";
				ENABLE_NS_ASSERTIONS = NO;
				ENABLE_STRICT_OBJC_MSGSEND = YES;
				GCC_C_LANGUAGE_STANDARD = gnu11;
				GCC_NO_COMMON_BLOCKS = YES;
				GCC_WARN_64_TO_32_BIT_CONVERSION = YES;
				GCC_WARN_ABOUT_RETURN_TYPE = YES_ERROR;
				GCC_WARN_UNDECLARED_SELECTOR = YES;
				GCC_WARN_UNINITIALIZED_AUTOS = YES_AGGRESSIVE;
				GCC_WARN_UNUSED_FUNCTION = YES;
				GCC_WARN_UNUSED_VARIABLE = YES;
				IPHONEOS_DEPLOYMENT_TARGET = 13.6;
				MTL_ENABLE_DEBUG_INFO = NO;
				MTL_FAST_MATH = YES;
				SDKROOT = iphoneos;
				SWIFT_COMPILATION_MODE = wholemodule;
				SWIFT_OPTIMIZATION_LEVEL = "-O";
				VALIDATE_PRODUCT = YES;
			};
			name = Release;
		};
		85B70B8024FE3F7D003CBDB5 /* Debug */ = {
			isa = XCBuildConfiguration;
			baseConfigurationReference = A68B185F4523FC9C1F09BF99 /* Pods-ImagesAPI.debug.xcconfig */;
			buildSettings = {
				ASSETCATALOG_COMPILER_APPICON_NAME = AppIcon;
				CODE_SIGN_STYLE = Automatic;
				DEVELOPMENT_TEAM = 9W4WJ5QY7E;
				FRAMEWORK_SEARCH_PATHS = (
					"$(inherited)",
					"$(PROJECT_DIR)/Carthage/Build/iOS",
				);
				INFOPLIST_FILE = ImagesAPI/Resources/Info.plist;
				LD_RUNPATH_SEARCH_PATHS = (
					"$(inherited)",
					"@executable_path/Frameworks",
				);
				PRODUCT_BUNDLE_IDENTIFIER = test.ImagesAPI;
				PRODUCT_NAME = "$(TARGET_NAME)";
				SWIFT_VERSION = 5.0;
				TARGETED_DEVICE_FAMILY = "1,2";
			};
			name = Debug;
		};
		85B70B8124FE3F7D003CBDB5 /* Release */ = {
			isa = XCBuildConfiguration;
			baseConfigurationReference = 560C819DE622C53FD0834D7F /* Pods-ImagesAPI.release.xcconfig */;
			buildSettings = {
				ASSETCATALOG_COMPILER_APPICON_NAME = AppIcon;
				CODE_SIGN_STYLE = Automatic;
				DEVELOPMENT_TEAM = 9W4WJ5QY7E;
				FRAMEWORK_SEARCH_PATHS = (
					"$(inherited)",
					"$(PROJECT_DIR)/Carthage/Build/iOS",
				);
				INFOPLIST_FILE = ImagesAPI/Resources/Info.plist;
				LD_RUNPATH_SEARCH_PATHS = (
					"$(inherited)",
					"@executable_path/Frameworks",
				);
				PRODUCT_BUNDLE_IDENTIFIER = test.ImagesAPI;
				PRODUCT_NAME = "$(TARGET_NAME)";
				SWIFT_VERSION = 5.0;
				TARGETED_DEVICE_FAMILY = "1,2";
			};
			name = Release;
		};
/* End XCBuildConfiguration section */

/* Begin XCConfigurationList section */
		85B70B6624FE3F7A003CBDB5 /* Build configuration list for PBXProject "ImagesAPI" */ = {
			isa = XCConfigurationList;
			buildConfigurations = (
				85B70B7D24FE3F7D003CBDB5 /* Debug */,
				85B70B7E24FE3F7D003CBDB5 /* Release */,
			);
			defaultConfigurationIsVisible = 0;
			defaultConfigurationName = Release;
		};
		85B70B7F24FE3F7D003CBDB5 /* Build configuration list for PBXNativeTarget "ImagesAPI" */ = {
			isa = XCConfigurationList;
			buildConfigurations = (
				85B70B8024FE3F7D003CBDB5 /* Debug */,
				85B70B8124FE3F7D003CBDB5 /* Release */,
			);
			defaultConfigurationIsVisible = 0;
			defaultConfigurationName = Release;
		};
/* End XCConfigurationList section */
	};
	rootObject = 85B70B6324FE3F7A003CBDB5 /* Project object */;
}
